// !$*UTF8*$!
{
	archiveVersion = 1;
	classes = {
	};
	objectVersion = 46;
	objects = {

/* Begin PBXBuildFile section */
		B93F631D1AFA98E400144B89 /* AppDelegate.swift in Sources */ = {isa = PBXBuildFile; fileRef = B93F631C1AFA98E400144B89 /* AppDelegate.swift */; };
		B93F631F1AFA98E400144B89 /* ViewController.swift in Sources */ = {isa = PBXBuildFile; fileRef = B93F631E1AFA98E400144B89 /* ViewController.swift */; };
		B93F63221AFA98E400144B89 /* Main.storyboard in Resources */ = {isa = PBXBuildFile; fileRef = B93F63201AFA98E400144B89 /* Main.storyboard */; };
		B93F63241AFA98E400144B89 /* Images.xcassets in Resources */ = {isa = PBXBuildFile; fileRef = B93F63231AFA98E400144B89 /* Images.xcassets */; };
		B93F63271AFA98E400144B89 /* LaunchScreen.xib in Resources */ = {isa = PBXBuildFile; fileRef = B93F63251AFA98E400144B89 /* LaunchScreen.xib */; };
		B93F63331AFA98E400144B89 /* Quadradinho_D8Tests.swift in Sources */ = {isa = PBXBuildFile; fileRef = B93F63321AFA98E400144B89 /* Quadradinho_D8Tests.swift */; };
		B9E5FD651AFBD60C006C2718 /* AudioToolbox.framework in Frameworks */ = {isa = PBXBuildFile; fileRef = B9E5FD641AFBD60C006C2718 /* AudioToolbox.framework */; };
		B9E5FD671AFBD616006C2718 /* CFNetwork.framework in Frameworks */ = {isa = PBXBuildFile; fileRef = B9E5FD661AFBD616006C2718 /* CFNetwork.framework */; };
		B9E5FD691AFBD61E006C2718 /* CoreGraphics.framework in Frameworks */ = {isa = PBXBuildFile; fileRef = B9E5FD681AFBD61E006C2718 /* CoreGraphics.framework */; };
		B9E5FD6B1AFBD626006C2718 /* CoreLocation.framework in Frameworks */ = {isa = PBXBuildFile; fileRef = B9E5FD6A1AFBD626006C2718 /* CoreLocation.framework */; };
		B9E5FD6D1AFBD630006C2718 /* MobileCoreServices.framework in Frameworks */ = {isa = PBXBuildFile; fileRef = B9E5FD6C1AFBD630006C2718 /* MobileCoreServices.framework */; };
		B9E5FD6F1AFBD639006C2718 /* QuartzCore.framework in Frameworks */ = {isa = PBXBuildFile; fileRef = B9E5FD6E1AFBD639006C2718 /* QuartzCore.framework */; };
		B9E5FD711AFBD641006C2718 /* Security.framework in Frameworks */ = {isa = PBXBuildFile; fileRef = B9E5FD701AFBD641006C2718 /* Security.framework */; };
		B9E5FD731AFBD65C006C2718 /* SystemConfiguration.framework in Frameworks */ = {isa = PBXBuildFile; fileRef = B9E5FD721AFBD65C006C2718 /* SystemConfiguration.framework */; };
		B9E5FD751AFBD665006C2718 /* libz.dylib in Frameworks */ = {isa = PBXBuildFile; fileRef = B9E5FD741AFBD665006C2718 /* libz.dylib */; };
		B9E5FD771AFBD672006C2718 /* libsqlite3.dylib in Frameworks */ = {isa = PBXBuildFile; fileRef = B9E5FD761AFBD672006C2718 /* libsqlite3.dylib */; };
		B9E5FD841AFBD762006C2718 /* Bolts.framework in Frameworks */ = {isa = PBXBuildFile; fileRef = B9E5FD781AFBD762006C2718 /* Bolts.framework */; };
		B9E5FD851AFBD762006C2718 /* FacebookSDK.strings in Resources */ = {isa = PBXBuildFile; fileRef = B9E5FD791AFBD762006C2718 /* FacebookSDK.strings */; };
		B9E5FD861AFBD762006C2718 /* FBAudienceNetwork.framework in Frameworks */ = {isa = PBXBuildFile; fileRef = B9E5FD7A1AFBD762006C2718 /* FBAudienceNetwork.framework */; };
		B9E5FD871AFBD762006C2718 /* FBSDKCoreKit.framework in Frameworks */ = {isa = PBXBuildFile; fileRef = B9E5FD7B1AFBD762006C2718 /* FBSDKCoreKit.framework */; };
		B9E5FD881AFBD762006C2718 /* FBSDKLoginKit.framework in Frameworks */ = {isa = PBXBuildFile; fileRef = B9E5FD7C1AFBD762006C2718 /* FBSDKLoginKit.framework */; };
		B9E5FD891AFBD762006C2718 /* FBSDKMessengerShareKit.framework in Frameworks */ = {isa = PBXBuildFile; fileRef = B9E5FD7D1AFBD762006C2718 /* FBSDKMessengerShareKit.framework */; };
		B9E5FD8A1AFBD762006C2718 /* FBSDKShareKit.framework in Frameworks */ = {isa = PBXBuildFile; fileRef = B9E5FD7E1AFBD762006C2718 /* FBSDKShareKit.framework */; };
		B9E5FD8B1AFBD762006C2718 /* Parse.framework in Frameworks */ = {isa = PBXBuildFile; fileRef = B9E5FD7F1AFBD762006C2718 /* Parse.framework */; };
		B9E5FD8C1AFBD762006C2718 /* ParseCrashReporting.framework in Frameworks */ = {isa = PBXBuildFile; fileRef = B9E5FD801AFBD762006C2718 /* ParseCrashReporting.framework */; };
		B9E5FD8D1AFBD762006C2718 /* ParseFacebookUtils.framework in Frameworks */ = {isa = PBXBuildFile; fileRef = B9E5FD811AFBD762006C2718 /* ParseFacebookUtils.framework */; };
		B9E5FD8E1AFBD762006C2718 /* ParseFacebookUtilsV4.framework in Frameworks */ = {isa = PBXBuildFile; fileRef = B9E5FD821AFBD762006C2718 /* ParseFacebookUtilsV4.framework */; };
		B9E5FD8F1AFBD762006C2718 /* ParseUI.framework in Frameworks */ = {isa = PBXBuildFile; fileRef = B9E5FD831AFBD762006C2718 /* ParseUI.framework */; };
		B9E5FD911AFBD880006C2718 /* Facebook.m in Sources */ = {isa = PBXBuildFile; fileRef = B9E5FD901AFBD880006C2718 /* Facebook.m */; };
		B9EEC6C61AFBD20300EAD589 /* LoginViewController.swift in Sources */ = {isa = PBXBuildFile; fileRef = B9EEC6C51AFBD20300EAD589 /* LoginViewController.swift */; };
/* End PBXBuildFile section */

/* Begin PBXContainerItemProxy section */
		B93F632D1AFA98E400144B89 /* PBXContainerItemProxy */ = {
			isa = PBXContainerItemProxy;
			containerPortal = B93F630F1AFA98E400144B89 /* Project object */;
			proxyType = 1;
			remoteGlobalIDString = B93F63161AFA98E400144B89;
			remoteInfo = "Quadradinho D8";
		};
/* End PBXContainerItemProxy section */

/* Begin PBXFileReference section */
		B93F63171AFA98E400144B89 /* Quadradinho D8.app */ = {isa = PBXFileReference; explicitFileType = wrapper.application; includeInIndex = 0; path = "Quadradinho D8.app"; sourceTree = BUILT_PRODUCTS_DIR; };
		B93F631B1AFA98E400144B89 /* Info.plist */ = {isa = PBXFileReference; lastKnownFileType = text.plist.xml; path = Info.plist; sourceTree = "<group>"; };
		B93F631C1AFA98E400144B89 /* AppDelegate.swift */ = {isa = PBXFileReference; lastKnownFileType = sourcecode.swift; path = AppDelegate.swift; sourceTree = "<group>"; };
		B93F631E1AFA98E400144B89 /* ViewController.swift */ = {isa = PBXFileReference; lastKnownFileType = sourcecode.swift; path = ViewController.swift; sourceTree = "<group>"; };
		B93F63211AFA98E400144B89 /* Base */ = {isa = PBXFileReference; lastKnownFileType = file.storyboard; name = Base; path = Base.lproj/Main.storyboard; sourceTree = "<group>"; };
		B93F63231AFA98E400144B89 /* Images.xcassets */ = {isa = PBXFileReference; lastKnownFileType = folder.assetcatalog; path = Images.xcassets; sourceTree = "<group>"; };
		B93F63261AFA98E400144B89 /* Base */ = {isa = PBXFileReference; lastKnownFileType = file.xib; name = Base; path = Base.lproj/LaunchScreen.xib; sourceTree = "<group>"; };
		B93F632C1AFA98E400144B89 /* Quadradinho D8Tests.xctest */ = {isa = PBXFileReference; explicitFileType = wrapper.cfbundle; includeInIndex = 0; path = "Quadradinho D8Tests.xctest"; sourceTree = BUILT_PRODUCTS_DIR; };
		B93F63311AFA98E400144B89 /* Info.plist */ = {isa = PBXFileReference; lastKnownFileType = text.plist.xml; path = Info.plist; sourceTree = "<group>"; };
		B93F63321AFA98E400144B89 /* Quadradinho_D8Tests.swift */ = {isa = PBXFileReference; lastKnownFileType = sourcecode.swift; path = Quadradinho_D8Tests.swift; sourceTree = "<group>"; };
		B9E5FD641AFBD60C006C2718 /* AudioToolbox.framework */ = {isa = PBXFileReference; lastKnownFileType = wrapper.framework; name = AudioToolbox.framework; path = System/Library/Frameworks/AudioToolbox.framework; sourceTree = SDKROOT; };
		B9E5FD661AFBD616006C2718 /* CFNetwork.framework */ = {isa = PBXFileReference; lastKnownFileType = wrapper.framework; name = CFNetwork.framework; path = System/Library/Frameworks/CFNetwork.framework; sourceTree = SDKROOT; };
		B9E5FD681AFBD61E006C2718 /* CoreGraphics.framework */ = {isa = PBXFileReference; lastKnownFileType = wrapper.framework; name = CoreGraphics.framework; path = System/Library/Frameworks/CoreGraphics.framework; sourceTree = SDKROOT; };
		B9E5FD6A1AFBD626006C2718 /* CoreLocation.framework */ = {isa = PBXFileReference; lastKnownFileType = wrapper.framework; name = CoreLocation.framework; path = System/Library/Frameworks/CoreLocation.framework; sourceTree = SDKROOT; };
		B9E5FD6C1AFBD630006C2718 /* MobileCoreServices.framework */ = {isa = PBXFileReference; lastKnownFileType = wrapper.framework; name = MobileCoreServices.framework; path = System/Library/Frameworks/MobileCoreServices.framework; sourceTree = SDKROOT; };
		B9E5FD6E1AFBD639006C2718 /* QuartzCore.framework */ = {isa = PBXFileReference; lastKnownFileType = wrapper.framework; name = QuartzCore.framework; path = System/Library/Frameworks/QuartzCore.framework; sourceTree = SDKROOT; };
		B9E5FD701AFBD641006C2718 /* Security.framework */ = {isa = PBXFileReference; lastKnownFileType = wrapper.framework; name = Security.framework; path = System/Library/Frameworks/Security.framework; sourceTree = SDKROOT; };
		B9E5FD721AFBD65C006C2718 /* SystemConfiguration.framework */ = {isa = PBXFileReference; lastKnownFileType = wrapper.framework; name = SystemConfiguration.framework; path = System/Library/Frameworks/SystemConfiguration.framework; sourceTree = SDKROOT; };
		B9E5FD741AFBD665006C2718 /* libz.dylib */ = {isa = PBXFileReference; lastKnownFileType = "compiled.mach-o.dylib"; name = libz.dylib; path = usr/lib/libz.dylib; sourceTree = SDKROOT; };
		B9E5FD761AFBD672006C2718 /* libsqlite3.dylib */ = {isa = PBXFileReference; lastKnownFileType = "compiled.mach-o.dylib"; name = libsqlite3.dylib; path = usr/lib/libsqlite3.dylib; sourceTree = SDKROOT; };
		B9E5FD781AFBD762006C2718 /* Bolts.framework */ = {isa = PBXFileReference; lastKnownFileType = wrapper.framework; path = Bolts.framework; sourceTree = "<group>"; };
		B9E5FD791AFBD762006C2718 /* FacebookSDK.strings */ = {isa = PBXFileReference; fileEncoding = 4; lastKnownFileType = text.plist.strings; path = FacebookSDK.strings; sourceTree = "<group>"; };
		B9E5FD7A1AFBD762006C2718 /* FBAudienceNetwork.framework */ = {isa = PBXFileReference; lastKnownFileType = wrapper.framework; path = FBAudienceNetwork.framework; sourceTree = "<group>"; };
		B9E5FD7B1AFBD762006C2718 /* FBSDKCoreKit.framework */ = {isa = PBXFileReference; lastKnownFileType = wrapper.framework; path = FBSDKCoreKit.framework; sourceTree = "<group>"; };
		B9E5FD7C1AFBD762006C2718 /* FBSDKLoginKit.framework */ = {isa = PBXFileReference; lastKnownFileType = wrapper.framework; path = FBSDKLoginKit.framework; sourceTree = "<group>"; };
		B9E5FD7D1AFBD762006C2718 /* FBSDKMessengerShareKit.framework */ = {isa = PBXFileReference; lastKnownFileType = wrapper.framework; path = FBSDKMessengerShareKit.framework; sourceTree = "<group>"; };
		B9E5FD7E1AFBD762006C2718 /* FBSDKShareKit.framework */ = {isa = PBXFileReference; lastKnownFileType = wrapper.framework; path = FBSDKShareKit.framework; sourceTree = "<group>"; };
		B9E5FD7F1AFBD762006C2718 /* Parse.framework */ = {isa = PBXFileReference; lastKnownFileType = wrapper.framework; path = Parse.framework; sourceTree = "<group>"; };
		B9E5FD801AFBD762006C2718 /* ParseCrashReporting.framework */ = {isa = PBXFileReference; lastKnownFileType = wrapper.framework; path = ParseCrashReporting.framework; sourceTree = "<group>"; };
		B9E5FD811AFBD762006C2718 /* ParseFacebookUtils.framework */ = {isa = PBXFileReference; lastKnownFileType = wrapper.framework; path = ParseFacebookUtils.framework; sourceTree = "<group>"; };
		B9E5FD821AFBD762006C2718 /* ParseFacebookUtilsV4.framework */ = {isa = PBXFileReference; lastKnownFileType = wrapper.framework; path = ParseFacebookUtilsV4.framework; sourceTree = "<group>"; };
		B9E5FD831AFBD762006C2718 /* ParseUI.framework */ = {isa = PBXFileReference; lastKnownFileType = wrapper.framework; path = ParseUI.framework; sourceTree = "<group>"; };
		B9E5FD901AFBD880006C2718 /* Facebook.m */ = {isa = PBXFileReference; fileEncoding = 4; lastKnownFileType = sourcecode.c.objc; path = Facebook.m; sourceTree = "<group>"; };
		B9E5FD921AFBDAF3006C2718 /* Quadradinho D8-Bridging-Header.h */ = {isa = PBXFileReference; lastKnownFileType = sourcecode.c.h; path = "Quadradinho D8-Bridging-Header.h"; sourceTree = "<group>"; };
		B9EEC6C51AFBD20300EAD589 /* LoginViewController.swift */ = {isa = PBXFileReference; fileEncoding = 4; lastKnownFileType = sourcecode.swift; path = LoginViewController.swift; sourceTree = "<group>"; };
/* End PBXFileReference section */

/* Begin PBXFrameworksBuildPhase section */
		B93F63141AFA98E400144B89 /* Frameworks */ = {
			isa = PBXFrameworksBuildPhase;
			buildActionMask = 2147483647;
			files = (
				B9E5FD771AFBD672006C2718 /* libsqlite3.dylib in Frameworks */,
				B9E5FD8C1AFBD762006C2718 /* ParseCrashReporting.framework in Frameworks */,
				B9E5FD751AFBD665006C2718 /* libz.dylib in Frameworks */,
				B9E5FD731AFBD65C006C2718 /* SystemConfiguration.framework in Frameworks */,
				B9E5FD861AFBD762006C2718 /* FBAudienceNetwork.framework in Frameworks */,
				B9E5FD8D1AFBD762006C2718 /* ParseFacebookUtils.framework in Frameworks */,
				B9E5FD881AFBD762006C2718 /* FBSDKLoginKit.framework in Frameworks */,
				B9E5FD711AFBD641006C2718 /* Security.framework in Frameworks */,
				B9E5FD8B1AFBD762006C2718 /* Parse.framework in Frameworks */,
				B9E5FD8F1AFBD762006C2718 /* ParseUI.framework in Frameworks */,
				B9E5FD6F1AFBD639006C2718 /* QuartzCore.framework in Frameworks */,
				B9E5FD891AFBD762006C2718 /* FBSDKMessengerShareKit.framework in Frameworks */,
				B9E5FD8A1AFBD762006C2718 /* FBSDKShareKit.framework in Frameworks */,
				B9E5FD6D1AFBD630006C2718 /* MobileCoreServices.framework in Frameworks */,
				B9E5FD6B1AFBD626006C2718 /* CoreLocation.framework in Frameworks */,
				B9E5FD8E1AFBD762006C2718 /* ParseFacebookUtilsV4.framework in Frameworks */,
				B9E5FD871AFBD762006C2718 /* FBSDKCoreKit.framework in Frameworks */,
				B9E5FD691AFBD61E006C2718 /* CoreGraphics.framework in Frameworks */,
				B9E5FD841AFBD762006C2718 /* Bolts.framework in Frameworks */,
				B9E5FD671AFBD616006C2718 /* CFNetwork.framework in Frameworks */,
				B9E5FD651AFBD60C006C2718 /* AudioToolbox.framework in Frameworks */,
			);
			runOnlyForDeploymentPostprocessing = 0;
		};
		B93F63291AFA98E400144B89 /* Frameworks */ = {
			isa = PBXFrameworksBuildPhase;
			buildActionMask = 2147483647;
			files = (
			);
			runOnlyForDeploymentPostprocessing = 0;
		};
/* End PBXFrameworksBuildPhase section */

/* Begin PBXGroup section */
		B93F630E1AFA98E400144B89 = {
			isa = PBXGroup;
			children = (
				B93F63191AFA98E400144B89 /* Quadradinho D8 */,
				B93F632F1AFA98E400144B89 /* Quadradinho D8Tests */,
				B93F63181AFA98E400144B89 /* Products */,
			);
			sourceTree = "<group>";
		};
		B93F63181AFA98E400144B89 /* Products */ = {
			isa = PBXGroup;
			children = (
				B93F63171AFA98E400144B89 /* Quadradinho D8.app */,
				B93F632C1AFA98E400144B89 /* Quadradinho D8Tests.xctest */,
			);
			name = Products;
			sourceTree = "<group>";
		};
		B93F63191AFA98E400144B89 /* Quadradinho D8 */ = {
			isa = PBXGroup;
			children = (
				B9EEC6C41AFBD1BA00EAD589 /* Views */,
				B9EEC6C31AFBD15F00EAD589 /* Controllers */,
				B9EEC6C21AFBD11500EAD589 /* Frameworks */,
				B93F631C1AFA98E400144B89 /* AppDelegate.swift */,
				B93F631E1AFA98E400144B89 /* ViewController.swift */,
				B93F63231AFA98E400144B89 /* Images.xcassets */,
				B9E5FD921AFBDAF3006C2718 /* Quadradinho D8-Bridging-Header.h */,
				B93F631A1AFA98E400144B89 /* Supporting Files */,
			);
			path = "Quadradinho D8";
			sourceTree = "<group>";
		};
		B93F631A1AFA98E400144B89 /* Supporting Files */ = {
			isa = PBXGroup;
			children = (
				B93F631B1AFA98E400144B89 /* Info.plist */,
				B9E5FD901AFBD880006C2718 /* Facebook.m */,
			);
			path = "Supporting Files";
			sourceTree = "<group>";
		};
		B93F632F1AFA98E400144B89 /* Quadradinho D8Tests */ = {
			isa = PBXGroup;
			children = (
				B93F63321AFA98E400144B89 /* Quadradinho_D8Tests.swift */,
				B93F63301AFA98E400144B89 /* Supporting Files */,
			);
			path = "Quadradinho D8Tests";
			sourceTree = "<group>";
		};
		B93F63301AFA98E400144B89 /* Supporting Files */ = {
			isa = PBXGroup;
			children = (
				B93F63311AFA98E400144B89 /* Info.plist */,
			);
			path = "Supporting Files";
			sourceTree = "<group>";
		};
		B9EEC6C21AFBD11500EAD589 /* Frameworks */ = {
			isa = PBXGroup;
			children = (
				B9E5FD761AFBD672006C2718 /* libsqlite3.dylib */,
				B9E5FD741AFBD665006C2718 /* libz.dylib */,
				B9E5FD721AFBD65C006C2718 /* SystemConfiguration.framework */,
				B9E5FD701AFBD641006C2718 /* Security.framework */,
				B9E5FD6E1AFBD639006C2718 /* QuartzCore.framework */,
				B9E5FD6C1AFBD630006C2718 /* MobileCoreServices.framework */,
				B9E5FD6A1AFBD626006C2718 /* CoreLocation.framework */,
				B9E5FD681AFBD61E006C2718 /* CoreGraphics.framework */,
				B9E5FD661AFBD616006C2718 /* CFNetwork.framework */,
				B9E5FD641AFBD60C006C2718 /* AudioToolbox.framework */,
				B9E5FD781AFBD762006C2718 /* Bolts.framework */,
				B9E5FD791AFBD762006C2718 /* FacebookSDK.strings */,
				B9E5FD7A1AFBD762006C2718 /* FBAudienceNetwork.framework */,
				B9E5FD7B1AFBD762006C2718 /* FBSDKCoreKit.framework */,
				B9E5FD7C1AFBD762006C2718 /* FBSDKLoginKit.framework */,
				B9E5FD7D1AFBD762006C2718 /* FBSDKMessengerShareKit.framework */,
				B9E5FD7E1AFBD762006C2718 /* FBSDKShareKit.framework */,
				B9E5FD7F1AFBD762006C2718 /* Parse.framework */,
				B9E5FD801AFBD762006C2718 /* ParseCrashReporting.framework */,
				B9E5FD811AFBD762006C2718 /* ParseFacebookUtils.framework */,
				B9E5FD821AFBD762006C2718 /* ParseFacebookUtilsV4.framework */,
				B9E5FD831AFBD762006C2718 /* ParseUI.framework */,
			);
			path = Frameworks;
			sourceTree = "<group>";
		};
		B9EEC6C31AFBD15F00EAD589 /* Controllers */ = {
			isa = PBXGroup;
			children = (
				B9EEC6C51AFBD20300EAD589 /* LoginViewController.swift */,
			);
			path = Controllers;
			sourceTree = "<group>";
		};
		B9EEC6C41AFBD1BA00EAD589 /* Views */ = {
			isa = PBXGroup;
			children = (
				B93F63201AFA98E400144B89 /* Main.storyboard */,
				B93F63251AFA98E400144B89 /* LaunchScreen.xib */,
			);
			path = Views;
			sourceTree = "<group>";
		};
/* End PBXGroup section */

/* Begin PBXNativeTarget section */
		B93F63161AFA98E400144B89 /* Quadradinho D8 */ = {
			isa = PBXNativeTarget;
			buildConfigurationList = B93F63361AFA98E400144B89 /* Build configuration list for PBXNativeTarget "Quadradinho D8" */;
			buildPhases = (
				B93F63131AFA98E400144B89 /* Sources */,
				B93F63141AFA98E400144B89 /* Frameworks */,
				B93F63151AFA98E400144B89 /* Resources */,
			);
			buildRules = (
			);
			dependencies = (
			);
			name = "Quadradinho D8";
			productName = "Quadradinho D8";
			productReference = B93F63171AFA98E400144B89 /* Quadradinho D8.app */;
			productType = "com.apple.product-type.application";
		};
		B93F632B1AFA98E400144B89 /* Quadradinho D8Tests */ = {
			isa = PBXNativeTarget;
			buildConfigurationList = B93F63391AFA98E400144B89 /* Build configuration list for PBXNativeTarget "Quadradinho D8Tests" */;
			buildPhases = (
				B93F63281AFA98E400144B89 /* Sources */,
				B93F63291AFA98E400144B89 /* Frameworks */,
				B93F632A1AFA98E400144B89 /* Resources */,
			);
			buildRules = (
			);
			dependencies = (
				B93F632E1AFA98E400144B89 /* PBXTargetDependency */,
			);
			name = "Quadradinho D8Tests";
			productName = "Quadradinho D8Tests";
			productReference = B93F632C1AFA98E400144B89 /* Quadradinho D8Tests.xctest */;
			productType = "com.apple.product-type.bundle.unit-test";
		};
/* End PBXNativeTarget section */

/* Begin PBXProject section */
		B93F630F1AFA98E400144B89 /* Project object */ = {
			isa = PBXProject;
			attributes = {
				LastUpgradeCheck = 0630;
				ORGANIZATIONNAME = Bepid;
				TargetAttributes = {
					B93F63161AFA98E400144B89 = {
						CreatedOnToolsVersion = 6.3.1;
					};
					B93F632B1AFA98E400144B89 = {
						CreatedOnToolsVersion = 6.3.1;
						TestTargetID = B93F63161AFA98E400144B89;
					};
				};
			};
			buildConfigurationList = B93F63121AFA98E400144B89 /* Build configuration list for PBXProject "Quadradinho D8" */;
			compatibilityVersion = "Xcode 3.2";
			developmentRegion = English;
			hasScannedForEncodings = 0;
			knownRegions = (
				en,
				Base,
			);
			mainGroup = B93F630E1AFA98E400144B89;
			productRefGroup = B93F63181AFA98E400144B89 /* Products */;
			projectDirPath = "";
			projectRoot = "";
			targets = (
				B93F63161AFA98E400144B89 /* Quadradinho D8 */,
				B93F632B1AFA98E400144B89 /* Quadradinho D8Tests */,
			);
		};
/* End PBXProject section */

/* Begin PBXResourcesBuildPhase section */
		B93F63151AFA98E400144B89 /* Resources */ = {
			isa = PBXResourcesBuildPhase;
			buildActionMask = 2147483647;
			files = (
				B93F63221AFA98E400144B89 /* Main.storyboard in Resources */,
				B93F63271AFA98E400144B89 /* LaunchScreen.xib in Resources */,
				B93F63241AFA98E400144B89 /* Images.xcassets in Resources */,
				B9E5FD851AFBD762006C2718 /* FacebookSDK.strings in Resources */,
			);
			runOnlyForDeploymentPostprocessing = 0;
		};
		B93F632A1AFA98E400144B89 /* Resources */ = {
			isa = PBXResourcesBuildPhase;
			buildActionMask = 2147483647;
			files = (
			);
			runOnlyForDeploymentPostprocessing = 0;
		};
/* End PBXResourcesBuildPhase section */

/* Begin PBXSourcesBuildPhase section */
		B93F63131AFA98E400144B89 /* Sources */ = {
			isa = PBXSourcesBuildPhase;
			buildActionMask = 2147483647;
			files = (
				B9EEC6C61AFBD20300EAD589 /* LoginViewController.swift in Sources */,
				B93F631F1AFA98E400144B89 /* ViewController.swift in Sources */,
				B93F631D1AFA98E400144B89 /* AppDelegate.swift in Sources */,
				B9E5FD911AFBD880006C2718 /* Facebook.m in Sources */,
			);
			runOnlyForDeploymentPostprocessing = 0;
		};
		B93F63281AFA98E400144B89 /* Sources */ = {
			isa = PBXSourcesBuildPhase;
			buildActionMask = 2147483647;
			files = (
				B93F63331AFA98E400144B89 /* Quadradinho_D8Tests.swift in Sources */,
			);
			runOnlyForDeploymentPostprocessing = 0;
		};
/* End PBXSourcesBuildPhase section */

/* Begin PBXTargetDependency section */
		B93F632E1AFA98E400144B89 /* PBXTargetDependency */ = {
			isa = PBXTargetDependency;
			target = B93F63161AFA98E400144B89 /* Quadradinho D8 */;
			targetProxy = B93F632D1AFA98E400144B89 /* PBXContainerItemProxy */;
		};
/* End PBXTargetDependency section */

/* Begin PBXVariantGroup section */
		B93F63201AFA98E400144B89 /* Main.storyboard */ = {
			isa = PBXVariantGroup;
			children = (
				B93F63211AFA98E400144B89 /* Base */,
			);
			name = Main.storyboard;
			path = .;
			sourceTree = "<group>";
		};
		B93F63251AFA98E400144B89 /* LaunchScreen.xib */ = {
			isa = PBXVariantGroup;
			children = (
				B93F63261AFA98E400144B89 /* Base */,
			);
			name = LaunchScreen.xib;
			path = .;
			sourceTree = "<group>";
		};
/* End PBXVariantGroup section */

/* Begin XCBuildConfiguration section */
		B93F63341AFA98E400144B89 /* Debug */ = {
			isa = XCBuildConfiguration;
			buildSettings = {
				ALWAYS_SEARCH_USER_PATHS = NO;
				CLANG_CXX_LANGUAGE_STANDARD = "gnu++0x";
				CLANG_CXX_LIBRARY = "libc++";
				CLANG_ENABLE_MODULES = YES;
				CLANG_ENABLE_OBJC_ARC = YES;
				CLANG_WARN_BOOL_CONVERSION = YES;
				CLANG_WARN_CONSTANT_CONVERSION = YES;
				CLANG_WARN_DIRECT_OBJC_ISA_USAGE = YES_ERROR;
				CLANG_WARN_EMPTY_BODY = YES;
				CLANG_WARN_ENUM_CONVERSION = YES;
				CLANG_WARN_INT_CONVERSION = YES;
				CLANG_WARN_OBJC_ROOT_CLASS = YES_ERROR;
				CLANG_WARN_UNREACHABLE_CODE = YES;
				CLANG_WARN__DUPLICATE_METHOD_MATCH = YES;
				"CODE_SIGN_IDENTITY[sdk=iphoneos*]" = "iPhone Developer";
				COPY_PHASE_STRIP = NO;
				DEBUG_INFORMATION_FORMAT = "dwarf-with-dsym";
				ENABLE_STRICT_OBJC_MSGSEND = YES;
				GCC_C_LANGUAGE_STANDARD = gnu99;
				GCC_DYNAMIC_NO_PIC = NO;
				GCC_NO_COMMON_BLOCKS = YES;
				GCC_OPTIMIZATION_LEVEL = 0;
				GCC_PREPROCESSOR_DEFINITIONS = (
					"DEBUG=1",
					"$(inherited)",
				);
				GCC_SYMBOLS_PRIVATE_EXTERN = NO;
				GCC_WARN_64_TO_32_BIT_CONVERSION = YES;
				GCC_WARN_ABOUT_RETURN_TYPE = YES_ERROR;
				GCC_WARN_UNDECLARED_SELECTOR = YES;
				GCC_WARN_UNINITIALIZED_AUTOS = YES_AGGRESSIVE;
				GCC_WARN_UNUSED_FUNCTION = YES;
				GCC_WARN_UNUSED_VARIABLE = YES;
				IPHONEOS_DEPLOYMENT_TARGET = 8.3;
				MTL_ENABLE_DEBUG_INFO = YES;
				ONLY_ACTIVE_ARCH = YES;
				SDKROOT = iphoneos;
				SWIFT_OBJC_BRIDGING_HEADER = "";
				SWIFT_OPTIMIZATION_LEVEL = "-Onone";
				TARGETED_DEVICE_FAMILY = "1,2";
			};
			name = Debug;
		};
		B93F63351AFA98E400144B89 /* Release */ = {
			isa = XCBuildConfiguration;
			buildSettings = {
				ALWAYS_SEARCH_USER_PATHS = NO;
				CLANG_CXX_LANGUAGE_STANDARD = "gnu++0x";
				CLANG_CXX_LIBRARY = "libc++";
				CLANG_ENABLE_MODULES = YES;
				CLANG_ENABLE_OBJC_ARC = YES;
				CLANG_WARN_BOOL_CONVERSION = YES;
				CLANG_WARN_CONSTANT_CONVERSION = YES;
				CLANG_WARN_DIRECT_OBJC_ISA_USAGE = YES_ERROR;
				CLANG_WARN_EMPTY_BODY = YES;
				CLANG_WARN_ENUM_CONVERSION = YES;
				CLANG_WARN_INT_CONVERSION = YES;
				CLANG_WARN_OBJC_ROOT_CLASS = YES_ERROR;
				CLANG_WARN_UNREACHABLE_CODE = YES;
				CLANG_WARN__DUPLICATE_METHOD_MATCH = YES;
				"CODE_SIGN_IDENTITY[sdk=iphoneos*]" = "iPhone Developer";
				COPY_PHASE_STRIP = NO;
				DEBUG_INFORMATION_FORMAT = "dwarf-with-dsym";
				ENABLE_NS_ASSERTIONS = NO;
				ENABLE_STRICT_OBJC_MSGSEND = YES;
				GCC_C_LANGUAGE_STANDARD = gnu99;
				GCC_NO_COMMON_BLOCKS = YES;
				GCC_WARN_64_TO_32_BIT_CONVERSION = YES;
				GCC_WARN_ABOUT_RETURN_TYPE = YES_ERROR;
				GCC_WARN_UNDECLARED_SELECTOR = YES;
				GCC_WARN_UNINITIALIZED_AUTOS = YES_AGGRESSIVE;
				GCC_WARN_UNUSED_FUNCTION = YES;
				GCC_WARN_UNUSED_VARIABLE = YES;
				IPHONEOS_DEPLOYMENT_TARGET = 8.3;
				MTL_ENABLE_DEBUG_INFO = NO;
				SDKROOT = iphoneos;
				SWIFT_OBJC_BRIDGING_HEADER = "";
				TARGETED_DEVICE_FAMILY = "1,2";
				VALIDATE_PRODUCT = YES;
			};
			name = Release;
		};
		B93F63371AFA98E400144B89 /* Debug */ = {
			isa = XCBuildConfiguration;
			buildSettings = {
				ASSETCATALOG_COMPILER_APPICON_NAME = AppIcon;
				CLANG_ENABLE_MODULES = YES;
				FRAMEWORK_SEARCH_PATHS = (
					"$(inherited)",
					"$(PROJECT_DIR)/Quadradinho\\ D8/**",
				);
				INFOPLIST_FILE = "Quadradinho D8/Supporting Files/Info.plist";
				IPHONEOS_DEPLOYMENT_TARGET = 8.0;
				LD_RUNPATH_SEARCH_PATHS = "$(inherited) @executable_path/Frameworks";
				PRODUCT_NAME = "$(TARGET_NAME)";
				SWIFT_OBJC_BRIDGING_HEADER = "$(SRCROOT)/$(PROJECT_NAME)/$(PROJECT_NAME)-Bridging-Header.h";
				SWIFT_OPTIMIZATION_LEVEL = "-Onone";
			};
			name = Debug;
		};
		B93F63381AFA98E400144B89 /* Release */ = {
			isa = XCBuildConfiguration;
			buildSettings = {
				ASSETCATALOG_COMPILER_APPICON_NAME = AppIcon;
				CLANG_ENABLE_MODULES = YES;
				FRAMEWORK_SEARCH_PATHS = (
					"$(inherited)",
					"$(PROJECT_DIR)/Quadradinho\\ D8/**",
				);
				INFOPLIST_FILE = "Quadradinho D8/Supporting Files/Info.plist";
				IPHONEOS_DEPLOYMENT_TARGET = 8.0;
				LD_RUNPATH_SEARCH_PATHS = "$(inherited) @executable_path/Frameworks";
				PRODUCT_NAME = "$(TARGET_NAME)";
				SWIFT_OBJC_BRIDGING_HEADER = "$(SRCROOT)/$(PROJECT_NAME)/$(PROJECT_NAME)-Bridging-Header.h";
			};
			name = Release;
		};
		B93F633A1AFA98E400144B89 /* Debug */ = {
			isa = XCBuildConfiguration;
			buildSettings = {
				BUNDLE_LOADER = "$(TEST_HOST)";
				FRAMEWORK_SEARCH_PATHS = (
					"$(SDKROOT)/Developer/Library/Frameworks",
					"$(inherited)",
				);
				GCC_PREPROCESSOR_DEFINITIONS = (
					"DEBUG=1",
					"$(inherited)",
				);
				INFOPLIST_FILE = "Quadradinho D8Tests/Supporting Files/Info.plist";
				LD_RUNPATH_SEARCH_PATHS = "$(inherited) @executable_path/Frameworks @loader_path/Frameworks";
				PRODUCT_NAME = "$(TARGET_NAME)";
				TEST_HOST = "$(BUILT_PRODUCTS_DIR)/Quadradinho D8.app/Quadradinho D8";
			};
			name = Debug;
		};
		B93F633B1AFA98E400144B89 /* Release */ = {
			isa = XCBuildConfiguration;
			buildSettings = {
				BUNDLE_LOADER = "$(TEST_HOST)";
				FRAMEWORK_SEARCH_PATHS = (
					"$(SDKROOT)/Developer/Library/Frameworks",
					"$(inherited)",
				);
				INFOPLIST_FILE = "Quadradinho D8Tests/Supporting Files/Info.plist";
				LD_RUNPATH_SEARCH_PATHS = "$(inherited) @executable_path/Frameworks @loader_path/Frameworks";
				PRODUCT_NAME = "$(TARGET_NAME)";
				TEST_HOST = "$(BUILT_PRODUCTS_DIR)/Quadradinho D8.app/Quadradinho D8";
			};
			name = Release;
		};
/* End XCBuildConfiguration section */

/* Begin XCConfigurationList section */
		B93F63121AFA98E400144B89 /* Build configuration list for PBXProject "Quadradinho D8" */ = {
			isa = XCConfigurationList;
			buildConfigurations = (
				B93F63341AFA98E400144B89 /* Debug */,
				B93F63351AFA98E400144B89 /* Release */,
			);
			defaultConfigurationIsVisible = 0;
			defaultConfigurationName = Release;
		};
		B93F63361AFA98E400144B89 /* Build configuration list for PBXNativeTarget "Quadradinho D8" */ = {
			isa = XCConfigurationList;
			buildConfigurations = (
				B93F63371AFA98E400144B89 /* Debug */,
				B93F63381AFA98E400144B89 /* Release */,
			);
			defaultConfigurationIsVisible = 0;
			defaultConfigurationName = Release;
		};
		B93F63391AFA98E400144B89 /* Build configuration list for PBXNativeTarget "Quadradinho D8Tests" */ = {
			isa = XCConfigurationList;
			buildConfigurations = (
				B93F633A1AFA98E400144B89 /* Debug */,
				B93F633B1AFA98E400144B89 /* Release */,
			);
			defaultConfigurationIsVisible = 0;
			defaultConfigurationName = Release;
		};
/* End XCConfigurationList section */
	};
	rootObject = B93F630F1AFA98E400144B89 /* Project object */;
}
